Microsoft Visual Studio Solution File, Format Version 12.00
# Visual Studio Version 17
VisualStudioVersion = 17.0.31903.59
MinimumVisualStudioVersion = 10.0.40219.1
Project("{FAE04EC0-301F-11D3-BF4B-00C04F79EFBC}") = "MemoDock.Core", "src\MemoDock.Core\MemoDock.Core.csproj", "{0A34CA23-F5D2-46A3-B8D0-3E2C78EF9B44}"
EndProject
Project("{FAE04EC0-301F-11D3-BF4B-00C04F79EFBC}") = "MemoDock", "src\MemoDock\MemoDock.csproj", "{6C7EA9BD-574A-4E20-ABCE-2098351DA86E}"
EndProject
Project("{FAE04EC0-301F-11D3-BF4B-00C04F79EFBC}") = "MemoDock.CoreTests", "tests\MemoDock.CoreTests\MemoDock.CoreTests.csproj", "{45457E3F-5C1E-456E-91C7-D4419DD59375}"
EndProject
Global
	GlobalSection(SolutionConfigurationPlatforms) = preSolution
		Debug|Any CPU = Debug|Any CPU
		Release|Any CPU = Release|Any CPU
	EndGlobalSection
	GlobalSection(ProjectConfigurationPlatforms) = postSolution
		{0A34CA23-F5D2-46A3-B8D0-3E2C78EF9B44}.Debug|Any CPU.ActiveCfg = Debug|Any CPU
		{0A34CA23-F5D2-46A3-B8D0-3E2C78EF9B44}.Debug|Any CPU.Build.0 = Debug|Any CPU
		{0A34CA23-F5D2-46A3-B8D0-3E2C78EF9B44}.Release|Any CPU.ActiveCfg = Release|Any CPU
		{0A34CA23-F5D2-46A3-B8D0-3E2C78EF9B44}.Release|Any CPU.Build.0 = Release|Any CPU
		{6C7EA9BD-574A-4E20-ABCE-2098351DA86E}.Debug|Any CPU.ActiveCfg = Debug|Any CPU
		{6C7EA9BD-574A-4E20-ABCE-2098351DA86E}.Debug|Any CPU.Build.0 = Debug|Any CPU
		{6C7EA9BD-574A-4E20-ABCE-2098351DA86E}.Release|Any CPU.ActiveCfg = Release|Any CPU
		{6C7EA9BD-574A-4E20-ABCE-2098351DA86E}.Release|Any CPU.Build.0 = Release|Any CPU
		{45457E3F-5C1E-456E-91C7-D4419DD59375}.Debug|Any CPU.ActiveCfg = Debug|Any CPU
		{45457E3F-5C1E-456E-91C7-D4419DD59375}.Debug|Any CPU.Build.0 = Debug|Any CPU
		{45457E3F-5C1E-456E-91C7-D4419DD59375}.Release|Any CPU.ActiveCfg = Release|Any CPU
		{45457E3F-5C1E-456E-91C7-D4419DD59375}.Release|Any CPU.Build.0 = Release|Any CPU
	EndGlobalSection
EndGlobal
